<?xml version="1.0" encoding="utf-8"?>
<Project ToolsVersion="4.0" xmlns="http://schemas.microsoft.com/developer/msbuild/2003">
  <ItemGroup>
    <Filter Include="Исходные файлы">
      <UniqueIdentifier>{4FC737F1-C7A5-4376-A066-2A32D752A2FF}</UniqueIdentifier>
      <Extensions>cpp;c;cc;cxx;c++;cppm;ixx;def;odl;idl;hpj;bat;asm;asmx</Extensions>
    </Filter>
    <Filter Include="Файлы заголовков">
      <UniqueIdentifier>{93995380-89BD-4b04-88EB-625FBE52EBFB}</UniqueIdentifier>
      <Extensions>h;hh;hpp;hxx;h++;hm;inl;inc;ipp;xsd</Extensions>
    </Filter>
    <Filter Include="Файлы ресурсов">
      <UniqueIdentifier>{67DA6AB6-F800-4c08-8B7A-83BB121AAD01}</UniqueIdentifier>
      <Extensions>rc;ico;cur;bmp;dlg;rc2;rct;bin;rgs;gif;jpg;jpeg;jpe;resx;tiff;tif;png;wav;mfcribbon-ms</Extensions>
    </Filter>
    <Filter Include="Исходные файлы\Folding">
      <UniqueIdentifier>{b4c5de4c-8daa-4711-ac53-905cc9ed6a1b}</UniqueIdentifier>
    </Filter>
    <Filter Include="Исходные файлы\Fourier">
      <UniqueIdentifier>{be455868-2f41-4bf0-a6b6-21057718fecb}</UniqueIdentifier>
    </Filter>
    <Filter Include="Исходные файлы\Graphs">
      <UniqueIdentifier>{165d4244-cb44-4a53-b1f4-1f60e4208450}</UniqueIdentifier>
    </Filter>
    <Filter Include="Исходные файлы\Matrix">
      <UniqueIdentifier>{eb559d52-8ee0-4afc-8fd8-0c077cbbd9d8}</UniqueIdentifier>
    </Filter>
    <Filter Include="Исходные файлы\Multiplication">
      <UniqueIdentifier>{6494a82e-75d3-4bb1-bb5f-fdc521d12829}</UniqueIdentifier>
    </Filter>
    <Filter Include="Исходные файлы\Sorting">
      <UniqueIdentifier>{b7054d0e-7403-4bba-8ef3-bd620c220b9c}</UniqueIdentifier>
    </Filter>
    <Filter Include="Исходные файлы\Stealer">
      <UniqueIdentifier>{5de0dabd-0fc9-4d64-b0bf-1a0f02463d38}</UniqueIdentifier>
    </Filter>
    <Filter Include="Исходные файлы\Input">
      <UniqueIdentifier>{3dccd638-1a04-459f-8752-95c5d9c1be6a}</UniqueIdentifier>
    </Filter>
  </ItemGroup>
  <ItemGroup>
    <ClCompile Include="Comp. complexity theory.cpp">
      <Filter>Исходные файлы</Filter>
    </ClCompile>
    <ClCompile Include="Sorting\Bubble.cpp">
      <Filter>Исходные файлы\Sorting</Filter>
    </ClCompile>
    <ClCompile Include="Sorting\Merge.cpp">
      <Filter>Исходные файлы\Sorting</Filter>
    </ClCompile>
    <ClCompile Include="Sorting\Select.cpp">
      <Filter>Исходные файлы\Sorting</Filter>
    </ClCompile>
    <ClCompile Include="Input\KeyboardInput.cpp">
      <Filter>Исходные файлы\Input</Filter>
    </ClCompile>
    <ClCompile Include="Input\FileInput.cpp">
      <Filter>Исходные файлы\Input</Filter>
    </ClCompile>
    <ClCompile Include="Sorting\Sort.cpp">
      <Filter>Исходные файлы\Sorting</Filter>
    </ClCompile>
    <ClCompile Include="Fourier\Fourier.cpp">
      <Filter>Исходные файлы\Fourier</Filter>
    </ClCompile>
    <ClCompile Include="Fourier\DiscreteFourier.cpp">
      <Filter>Исходные файлы\Fourier</Filter>
    </ClCompile>
    <ClCompile Include="Fourier\SemiFastFourier.cpp">
      <Filter>Исходные файлы\Fourier</Filter>
    </ClCompile>
    <ClCompile Include="Folding\Folding.cpp">
      <Filter>Исходные файлы\Folding</Filter>
    </ClCompile>
    <ClCompile Include="Folding\SimpleFolding.cpp">
      <Filter>Исходные файлы\Folding</Filter>
    </ClCompile>
    <ClCompile Include="Folding\DiscreteFourierFolding.cpp">
      <Filter>Исходные файлы\Folding</Filter>
    </ClCompile>
    <ClCompile Include="Folding\SemiFastFourierFolding.cpp">
      <Filter>Исходные файлы\Folding</Filter>
    </ClCompile>
  </ItemGroup>
  <ItemGroup>
    <ClInclude Include="Sorting\Sort.h">
      <Filter>Исходные файлы\Sorting</Filter>
    </ClInclude>
    <ClInclude Include="Sorting\Bubble.h">
      <Filter>Исходные файлы\Sorting</Filter>
    </ClInclude>
    <ClInclude Include="Sorting\Merge.h">
      <Filter>Исходные файлы\Sorting</Filter>
    </ClInclude>
    <ClInclude Include="Sorting\Select.h">
      <Filter>Исходные файлы\Sorting</Filter>
    </ClInclude>
    <ClInclude Include="Input\KeyboardInput.h">
      <Filter>Исходные файлы\Input</Filter>
    </ClInclude>
    <ClInclude Include="Input\FileInput.h">
      <Filter>Исходные файлы\Input</Filter>
    </ClInclude>
    <ClInclude Include="Fourier\Fourier.h">
      <Filter>Исходные файлы\Fourier</Filter>
    </ClInclude>
    <ClInclude Include="Fourier\DiscreteFourier.h">
      <Filter>Исходные файлы\Fourier</Filter>
    </ClInclude>
    <ClInclude Include="Fourier\SemiFastFourier.h">
      <Filter>Исходные файлы\Fourier</Filter>
    </ClInclude>
    <ClInclude Include="Folding\Folding.h">
      <Filter>Исходные файлы\Folding</Filter>
    </ClInclude>
    <ClInclude Include="Folding\SimpleFolding.h">
      <Filter>Исходные файлы\Folding</Filter>
    </ClInclude>
    <ClInclude Include="Folding\DiscreteFourierFolding.h">
      <Filter>Исходные файлы\Folding</Filter>
    </ClInclude>
    <ClInclude Include="Folding\SemiFastFourierFolding.h">
      <Filter>Исходные файлы\Folding</Filter>
    </ClInclude>
  </ItemGroup>
</Project>